
Microsoft Visual Studio Solution File, Format Version 11.00
# Visual Studio 2010
Project("{FAE04EC0-301F-11D3-BF4B-00C04F79EFBC}") = "Day04", "Assembly-CSharp.csproj", "{C2140DC3-CF0D-C164-650E-B643D20676DA}"
EndProject
Project("{FAE04EC0-301F-11D3-BF4B-00C04F79EFBC}") = "Day04", "Assembly-CSharp-Editor.csproj", "{664A556D-F933-4236-D460-6311FB89B896}"
EndProject
Global
	GlobalSection(SolutionConfigurationPlatforms) = preSolution
		Debug|Any CPU = Debug|Any CPU
		Release|Any CPU = Release|Any CPU
	EndGlobalSection
	GlobalSection(ProjectConfigurationPlatforms) = postSolution
		{C2140DC3-CF0D-C164-650E-B643D20676DA}.Debug|Any CPU.ActiveCfg = Debug|Any CPU
		{C2140DC3-CF0D-C164-650E-B643D20676DA}.Debug|Any CPU.Build.0 = Debug|Any CPU
		{C2140DC3-CF0D-C164-650E-B643D20676DA}.Release|Any CPU.ActiveCfg = Release|Any CPU
		{C2140DC3-CF0D-C164-650E-B643D20676DA}.Release|Any CPU.Build.0 = Release|Any CPU
		{664A556D-F933-4236-D460-6311FB89B896}.Debug|Any CPU.ActiveCfg = Debug|Any CPU
		{664A556D-F933-4236-D460-6311FB89B896}.Debug|Any CPU.Build.0 = Debug|Any CPU
		{664A556D-F933-4236-D460-6311FB89B896}.Release|Any CPU.ActiveCfg = Release|Any CPU
		{664A556D-F933-4236-D460-6311FB89B896}.Release|Any CPU.Build.0 = Release|Any CPU
	EndGlobalSection
	GlobalSection(SolutionProperties) = preSolution
		HideSolutionNode = FALSE
	EndGlobalSection
	GlobalSection(MonoDevelopProperties) = preSolution
		StartupItem = Assembly-CSharp.csproj
	EndGlobalSection
EndGlobal
